{
  "projects": [
    {
      "projectId": "gBGqaUF3C5CQvEpDAhmCMe",
      "version": "latest",
      "dependencies": {},
      "lang": "ts",
      "fileLocks": [
        {
          "type": "globalVariant",
          "assetId": "Oj_sgcPKSvUUBM",
          "checksum": "f95e7f56e2770e9d34da37b688fbd051"
        },
        {
          "type": "renderModule",
          "assetId": "j3C2E3ZS0nhWm",
          "checksum": "2c36d4f861be33a5f2d9d5e043faec86"
        },
        {
          "type": "cssRules",
          "assetId": "j3C2E3ZS0nhWm",
          "checksum": "2c36d4f861be33a5f2d9d5e043faec86"
        },
        {
          "type": "renderModule",
          "assetId": "k5f_ZGrtjLf",
          "checksum": "df02ccb9bf4cbad15ee5896b9c6c54c9"
        },
        {
          "type": "cssRules",
          "assetId": "k5f_ZGrtjLf",
          "checksum": "df02ccb9bf4cbad15ee5896b9c6c54c9"
        },
        {
          "type": "renderModule",
          "assetId": "RWHbPnNRUlA",
          "checksum": "3f49dcc8854a39230700c83218ac2b08"
        },
        {
          "type": "cssRules",
          "assetId": "RWHbPnNRUlA",
          "checksum": "3f49dcc8854a39230700c83218ac2b08"
        },
        {
          "type": "icon",
          "assetId": "EqyKEX400BvG3m",
          "checksum": "a96c2599f7d2c4c66642359093ccd427"
        },
        {
          "type": "icon",
          "assetId": "_bdPyp6gOc1JbC",
          "checksum": "5168415c30a8d70ad183f947080a93e1"
        },
        {
          "type": "icon",
          "assetId": "O7PZi_7_tKwG4d",
          "checksum": "546ee8c2d7a21235e423e3b7811fb19a"
        },
        {
          "type": "icon",
          "assetId": "-90nyNh7VQn",
          "checksum": "f55ee31339a15f5eb7028ba74dda65cd"
        },
        {
          "type": "image",
          "assetId": "Dwo95H6Gj",
          "checksum": "a392ab962f3c958f979a21128407a948"
        },
        {
          "type": "image",
          "assetId": "NpdEgtFoA",
          "checksum": "9dca78a178d8c289e78c61b38891b74d"
        },
        {
          "type": "renderModule",
          "assetId": "CGcqI8E5JWs",
          "checksum": "da9a7f976f6dfc0aeb9ef678981d75b5"
        },
        {
          "type": "cssRules",
          "assetId": "CGcqI8E5JWs",
          "checksum": "da9a7f976f6dfc0aeb9ef678981d75b5"
        },
        {
          "assetId": "gBGqaUF3C5CQvEpDAhmCMe",
          "type": "projectCss",
          "checksum": "adde1314c9479b8bbf7405558047d697"
        }
      ],
      "codegenVersion": "0.0.1"
    }
  ],
  "cliVersion": "0.1.186"
}
