{
  "projects": [
    {
      "projectId": "gBGqaUF3C5CQvEpDAhmCMe",
      "version": "latest",
      "dependencies": {},
      "lang": "ts",
      "fileLocks": [
        {
          "type": "globalVariant",
          "assetId": "Oj_sgcPKSvUUBM",
          "checksum": "f95e7f56e2770e9d34da37b688fbd051"
        },
        {
          "type": "renderModule",
          "assetId": "j3C2E3ZS0nhWm",
          "checksum": "c46b84530758dcda286e1c926b5ee195"
        },
        {
          "type": "cssRules",
          "assetId": "j3C2E3ZS0nhWm",
          "checksum": "c46b84530758dcda286e1c926b5ee195"
        },
        {
          "type": "renderModule",
          "assetId": "k5f_ZGrtjLf",
          "checksum": "b3b85d0d29706aba77aff1ccb855e2ac"
        },
        {
          "type": "cssRules",
          "assetId": "k5f_ZGrtjLf",
          "checksum": "b3b85d0d29706aba77aff1ccb855e2ac"
        },
        {
          "type": "renderModule",
          "assetId": "RWHbPnNRUlA",
          "checksum": "8e85afd8b26a8e889cea7d356bfabb88"
        },
        {
          "type": "cssRules",
          "assetId": "RWHbPnNRUlA",
          "checksum": "8e85afd8b26a8e889cea7d356bfabb88"
        },
        {
          "type": "icon",
          "assetId": "EqyKEX400BvG3m",
          "checksum": "a96c2599f7d2c4c66642359093ccd427"
        },
        {
          "type": "icon",
          "assetId": "_bdPyp6gOc1JbC",
          "checksum": "5168415c30a8d70ad183f947080a93e1"
        },
        {
          "type": "icon",
          "assetId": "O7PZi_7_tKwG4d",
          "checksum": "546ee8c2d7a21235e423e3b7811fb19a"
        },
        {
          "type": "icon",
          "assetId": "-90nyNh7VQn",
          "checksum": "f55ee31339a15f5eb7028ba74dda65cd"
        },
        {
          "type": "image",
          "assetId": "Dwo95H6Gj",
          "checksum": "a392ab962f3c958f979a21128407a948"
        },
        {
          "type": "image",
          "assetId": "NpdEgtFoA",
          "checksum": "9dca78a178d8c289e78c61b38891b74d"
        },
        {
          "type": "image",
          "assetId": "3ymQbX6ZG",
          "checksum": "afa90c379b8327df9685894885cc1e20"
        },
        {
          "assetId": "gBGqaUF3C5CQvEpDAhmCMe",
          "type": "projectCss",
          "checksum": "9a1f1ad7c49d21432a2decf259156a35"
        }
      ],
      "codegenVersion": "0.0.1"
    }
  ],
  "cliVersion": "0.1.186"
}
